
Microsoft Visual Studio Solution File, Format Version 12.00
# Visual Studio Version 16
VisualStudioVersion = 16.0.30128.74
MinimumVisualStudioVersion = 10.0.40219.1
Project("{FAE04EC0-301F-11D3-BF4B-00C04F79EFBC}") = "askforfood", "askforfood\askforfood.csproj", "{FEA69DFB-24A9-422E-A1A3-79F2EAE1FFEA}"
EndProject
Global
	GlobalSection(SolutionConfigurationPlatforms) = preSolution
		Debug|Any CPU = Debug|Any CPU
		Release|Any CPU = Release|Any CPU
	EndGlobalSection
	GlobalSection(ProjectConfigurationPlatforms) = postSolution
		{FEA69DFB-24A9-422E-A1A3-79F2EAE1FFEA}.Debug|Any CPU.ActiveCfg = Debug|Any CPU
		{FEA69DFB-24A9-422E-A1A3-79F2EAE1FFEA}.Debug|Any CPU.Build.0 = Debug|Any CPU
		{FEA69DFB-24A9-422E-A1A3-79F2EAE1FFEA}.Release|Any CPU.ActiveCfg = Release|Any CPU
		{FEA69DFB-24A9-422E-A1A3-79F2EAE1FFEA}.Release|Any CPU.Build.0 = Release|Any CPU
	EndGlobalSection
	GlobalSection(SolutionProperties) = preSolution
		HideSolutionNode = FALSE
	EndGlobalSection
	GlobalSection(ExtensibilityGlobals) = postSolution
		SolutionGuid = {2E6BB717-1401-483D-98D1-12F5128752B8}
	EndGlobalSection
EndGlobal
